<?xml version="1.0" encoding="utf-8"?>
<Project ToolsVersion="4.0" xmlns="http://schemas.microsoft.com/developer/msbuild/2003">
  <ItemGroup>
    <Filter Include="externals">
      <UniqueIdentifier>{9B5E5A7B-07C9-0EF2-5007-C097BCB0EC46}</UniqueIdentifier>
    </Filter>
    <Filter Include="externals\entt">
      <UniqueIdentifier>{C57CA055-B14A-945B-9ADE-0482864B70C0}</UniqueIdentifier>
    </Filter>
    <Filter Include="externals\entt\include">
      <UniqueIdentifier>{3899ACDA-2493-D52C-0D00-6C3DF9983B99}</UniqueIdentifier>
    </Filter>
    <Filter Include="externals\entt\include\entt">
      <UniqueIdentifier>{82E1A0D1-EEEE-CEB7-77D5-CAA2E3E19A6E}</UniqueIdentifier>
    </Filter>
    <Filter Include="externals\stb">
      <UniqueIdentifier>{73F26948-DFB2-E57E-A8ED-2EFC146D2A5B}</UniqueIdentifier>
    </Filter>
    <Filter Include="externals\stb\stb_image">
      <UniqueIdentifier>{CD8E60A8-39C6-A83F-42D0-0C63AE86CF38}</UniqueIdentifier>
    </Filter>
    <Filter Include="src">
      <UniqueIdentifier>{2DAB880B-99B4-887C-2230-9F7C8E38947C}</UniqueIdentifier>
    </Filter>
    <Filter Include="src\Editor">
      <UniqueIdentifier>{C3F37E0D-AFAB-C05A-18B3-99B6048A5B4B}</UniqueIdentifier>
    </Filter>
    <Filter Include="src\Engine">
      <UniqueIdentifier>{12A1320E-FE58-745B-6760-4DB753370F4C}</UniqueIdentifier>
    </Filter>
    <Filter Include="src\RenderPasses">
      <UniqueIdentifier>{6B639233-575C-B185-808E-960A6CE69091}</UniqueIdentifier>
    </Filter>
    <Filter Include="src\Utility">
      <UniqueIdentifier>{70464FB2-DCFB-C7A7-65F0-C17ED1A4BEAB}</UniqueIdentifier>
    </Filter>
    <Filter Include="src\Window">
      <UniqueIdentifier>{74C3D837-607B-1A85-C982-F3E0B559B575}</UniqueIdentifier>
    </Filter>
  </ItemGroup>
  <ItemGroup>
    <ClInclude Include="externals\entt\include\entt\entt.hpp">
      <Filter>externals\entt\include\entt</Filter>
    </ClInclude>
    <ClInclude Include="externals\stb\stb_image\stb_image.h">
      <Filter>externals\stb\stb_image</Filter>
    </ClInclude>
    <ClInclude Include="src\Editor\ObjectPanel.h">
      <Filter>src\Editor</Filter>
    </ClInclude>
    <ClInclude Include="src\Editor\UI.h">
      <Filter>src\Editor</Filter>
    </ClInclude>
    <ClInclude Include="src\Engine.h">
      <Filter>src</Filter>
    </ClInclude>
    <ClInclude Include="src\Engine\AssetManager.h">
      <Filter>src\Engine</Filter>
    </ClInclude>
    <ClInclude Include="src\Engine\MaterialManager.h">
      <Filter>src\Engine</Filter>
    </ClInclude>
    <ClInclude Include="src\Engine\Scene.h">
      <Filter>src\Engine</Filter>
    </ClInclude>
    <ClInclude Include="src\RenderPasses\GBufferPass.h">
      <Filter>src\RenderPasses</Filter>
    </ClInclude>
    <ClInclude Include="src\RenderPasses\GradiantPass.h">
      <Filter>src\RenderPasses</Filter>
    </ClInclude>
    <ClInclude Include="src\RenderPasses\LightingPass.h">
      <Filter>src\RenderPasses</Filter>
    </ClInclude>
    <ClInclude Include="src\RenderPasses\PresentPass.h">
      <Filter>src\RenderPasses</Filter>
    </ClInclude>
    <ClInclude Include="src\RenderPasses\ShadowPass.h">
      <Filter>src\RenderPasses</Filter>
    </ClInclude>
    <ClInclude Include="src\Utility\AssetLoader.h">
      <Filter>src\Utility</Filter>
    </ClInclude>
    <ClInclude Include="src\Utility\FreelookCamera.h">
      <Filter>src\Utility</Filter>
    </ClInclude>
    <ClInclude Include="src\Physics\Intersection.h">
      <Filter>src\Utility</Filter>
    </ClInclude>
    <ClInclude Include="src\Utility\TexturePacker.h">
      <Filter>src\Utility</Filter>
    </ClInclude>
    <ClInclude Include="src\Window\ChiliWin.h">
      <Filter>src\Window</Filter>
    </ClInclude>
    <ClInclude Include="src\Window\Window.h">
      <Filter>src\Window</Filter>
    </ClInclude>
    <ClInclude Include="src\Engine\Components.h" />
    <ClInclude Include="src\RenderPasses\PostProcessingPass.h" />
  </ItemGroup>
  <ItemGroup>
    <ClCompile Include="externals\stb\stb_image\stb_image.cpp">
      <Filter>externals\stb\stb_image</Filter>
    </ClCompile>
    <ClCompile Include="src\Editor\ObjectPanel.cpp">
      <Filter>src\Editor</Filter>
    </ClCompile>
    <ClCompile Include="src\Editor\UI.cpp">
      <Filter>src\Editor</Filter>
    </ClCompile>
    <ClCompile Include="src\Engine.cpp">
      <Filter>src</Filter>
    </ClCompile>
    <ClCompile Include="src\Engine\AssetManager.cpp">
      <Filter>src\Engine</Filter>
    </ClCompile>
    <ClCompile Include="src\Engine\MaterialManager.cpp">
      <Filter>src\Engine</Filter>
    </ClCompile>
    <ClCompile Include="src\Engine\Scene.cpp">
      <Filter>src\Engine</Filter>
    </ClCompile>
    <ClCompile Include="src\RenderPasses\GBufferPass.cpp">
      <Filter>src\RenderPasses</Filter>
    </ClCompile>
    <ClCompile Include="src\RenderPasses\GradiantPass.cpp">
      <Filter>src\RenderPasses</Filter>
    </ClCompile>
    <ClCompile Include="src\RenderPasses\LightingPass.cpp">
      <Filter>src\RenderPasses</Filter>
    </ClCompile>
    <ClCompile Include="src\RenderPasses\PresentPass.cpp">
      <Filter>src\RenderPasses</Filter>
    </ClCompile>
    <ClCompile Include="src\RenderPasses\ShadowPass.cpp">
      <Filter>src\RenderPasses</Filter>
    </ClCompile>
    <ClCompile Include="src\Utility\AssetLoader.cpp">
      <Filter>src\Utility</Filter>
    </ClCompile>
    <ClCompile Include="src\Utility\FreeLookCamera.cpp">
      <Filter>src\Utility</Filter>
    </ClCompile>
    <ClCompile Include="src\Physics\Intersection.cpp">
      <Filter>src\Utility</Filter>
    </ClCompile>
    <ClCompile Include="src\WinMain.cpp">
      <Filter>src</Filter>
    </ClCompile>
    <ClCompile Include="src\Window\Window.cpp">
      <Filter>src\Window</Filter>
    </ClCompile>
    <ClCompile Include="src\RenderPasses\PostProcessingPass.cpp" />
  </ItemGroup>
</Project>